// !$*UTF8*$!
{
	archiveVersion = 1;
	classes = {
	};
	objectVersion = 46;
	objects = {

/* Begin PBXBuildFile section */
		037C9633190CBF1A003FAAAB /* Foundation.framework in Frameworks */ = {isa = PBXBuildFile; fileRef = 037C9632190CBF1A003FAAAB /* Foundation.framework */; };
		037C9659190CBF2F003FAAAB /* UIKit.framework in Frameworks */ = {isa = PBXBuildFile; fileRef = 037C9658190CBF2F003FAAAB /* UIKit.framework */; };
/* End PBXBuildFile section */

/* Begin PBXCopyFilesBuildPhase section */
		037C962D190CBF1A003FAAAB /* CopyFiles */ = {
			isa = PBXCopyFilesBuildPhase;
			buildActionMask = 2147483647;
			dstPath = "include/$(PRODUCT_NAME)";
			dstSubfolderSpec = 16;
			files = (
			);
			runOnlyForDeploymentPostprocessing = 0;
		};
/* End PBXCopyFilesBuildPhase section */

/* Begin PBXFileReference section */
		03399039195D93FE007CC32B /* LSExtensionKit.h */ = {isa = PBXFileReference; lastKnownFileType = sourcecode.c.h; path = LSExtensionKit.h; sourceTree = "<group>"; };
		0339903B195D93FE007CC32B /* NSDate+Extension.h */ = {isa = PBXFileReference; lastKnownFileType = sourcecode.c.h; path = "NSDate+Extension.h"; sourceTree = "<group>"; };
		0339903C195D93FE007CC32B /* NSDate+Extension.m */ = {isa = PBXFileReference; lastKnownFileType = sourcecode.c.objc; path = "NSDate+Extension.m"; sourceTree = "<group>"; };
		0339903E195D93FE007CC32B /* NSDictionary+Extension.h */ = {isa = PBXFileReference; lastKnownFileType = sourcecode.c.h; path = "NSDictionary+Extension.h"; sourceTree = "<group>"; };
		0339903F195D93FE007CC32B /* NSDictionary+Extension.m */ = {isa = PBXFileReference; lastKnownFileType = sourcecode.c.objc; path = "NSDictionary+Extension.m"; sourceTree = "<group>"; };
		03399041195D93FE007CC32B /* NSFileManager+Extension.h */ = {isa = PBXFileReference; lastKnownFileType = sourcecode.c.h; path = "NSFileManager+Extension.h"; sourceTree = "<group>"; };
		03399042195D93FE007CC32B /* NSFileManager+Extension.m */ = {isa = PBXFileReference; lastKnownFileType = sourcecode.c.objc; path = "NSFileManager+Extension.m"; sourceTree = "<group>"; };
		03399044195D93FE007CC32B /* NSString+Extension.h */ = {isa = PBXFileReference; lastKnownFileType = sourcecode.c.h; path = "NSString+Extension.h"; sourceTree = "<group>"; };
		03399045195D93FE007CC32B /* NSString+Extension.m */ = {isa = PBXFileReference; lastKnownFileType = sourcecode.c.objc; path = "NSString+Extension.m"; sourceTree = "<group>"; };
		03399047195D93FE007CC32B /* PublicDefines.h */ = {isa = PBXFileReference; lastKnownFileType = sourcecode.c.h; path = PublicDefines.h; sourceTree = "<group>"; };
		03399048195D93FE007CC32B /* PublicDefines.m */ = {isa = PBXFileReference; lastKnownFileType = sourcecode.c.objc; path = PublicDefines.m; sourceTree = "<group>"; };
		0339904A195D93FE007CC32B /* UIAlertView+Extension.h */ = {isa = PBXFileReference; lastKnownFileType = sourcecode.c.h; path = "UIAlertView+Extension.h"; sourceTree = "<group>"; };
		0339904B195D93FE007CC32B /* UIAlertView+Extension.m */ = {isa = PBXFileReference; lastKnownFileType = sourcecode.c.objc; path = "UIAlertView+Extension.m"; sourceTree = "<group>"; };
		0339904D195D93FE007CC32B /* UIButton+Extension.h */ = {isa = PBXFileReference; lastKnownFileType = sourcecode.c.h; path = "UIButton+Extension.h"; sourceTree = "<group>"; };
		0339904E195D93FE007CC32B /* UIButton+Extension.m */ = {isa = PBXFileReference; lastKnownFileType = sourcecode.c.objc; path = "UIButton+Extension.m"; sourceTree = "<group>"; };
		03399050195D93FE007CC32B /* UIColor+Extension.h */ = {isa = PBXFileReference; lastKnownFileType = sourcecode.c.h; path = "UIColor+Extension.h"; sourceTree = "<group>"; };
		03399051195D93FE007CC32B /* UIColor+Extension.m */ = {isa = PBXFileReference; lastKnownFileType = sourcecode.c.objc; path = "UIColor+Extension.m"; sourceTree = "<group>"; };
		03399053195D93FE007CC32B /* UIImage+Extension.h */ = {isa = PBXFileReference; lastKnownFileType = sourcecode.c.h; path = "UIImage+Extension.h"; sourceTree = "<group>"; };
		03399054195D93FE007CC32B /* UIImage+Extension.m */ = {isa = PBXFileReference; lastKnownFileType = sourcecode.c.objc; path = "UIImage+Extension.m"; sourceTree = "<group>"; };
		03399056195D93FE007CC32B /* UIView+Extension.h */ = {isa = PBXFileReference; lastKnownFileType = sourcecode.c.h; path = "UIView+Extension.h"; sourceTree = "<group>"; };
		03399057195D93FE007CC32B /* UIView+Extension.m */ = {isa = PBXFileReference; lastKnownFileType = sourcecode.c.objc; path = "UIView+Extension.m"; sourceTree = "<group>"; };
		037C962F190CBF1A003FAAAB /* libLSExtensionKit.a */ = {isa = PBXFileReference; explicitFileType = archive.ar; includeInIndex = 0; path = libLSExtensionKit.a; sourceTree = BUILT_PRODUCTS_DIR; };
		037C9632190CBF1A003FAAAB /* Foundation.framework */ = {isa = PBXFileReference; lastKnownFileType = wrapper.framework; name = Foundation.framework; path = System/Library/Frameworks/Foundation.framework; sourceTree = SDKROOT; };
		037C9636190CBF1A003FAAAB /* LSExtensionKit-Prefix.pch */ = {isa = PBXFileReference; lastKnownFileType = sourcecode.c.h; path = "LSExtensionKit-Prefix.pch"; sourceTree = "<group>"; };
		037C9643190CBF1A003FAAAB /* UIKit.framework */ = {isa = PBXFileReference; lastKnownFileType = wrapper.framework; name = UIKit.framework; path = Library/Frameworks/UIKit.framework; sourceTree = DEVELOPER_DIR; };
		037C9658190CBF2F003FAAAB /* UIKit.framework */ = {isa = PBXFileReference; lastKnownFileType = wrapper.framework; name = UIKit.framework; path = System/Library/Frameworks/UIKit.framework; sourceTree = SDKROOT; };
/* End PBXFileReference section */

/* Begin PBXFrameworksBuildPhase section */
		037C962C190CBF1A003FAAAB /* Frameworks */ = {
			isa = PBXFrameworksBuildPhase;
			buildActionMask = 2147483647;
			files = (
				037C9659190CBF2F003FAAAB /* UIKit.framework in Frameworks */,
				037C9633190CBF1A003FAAAB /* Foundation.framework in Frameworks */,
			);
			runOnlyForDeploymentPostprocessing = 0;
		};
/* End PBXFrameworksBuildPhase section */

/* Begin PBXGroup section */
		03399038195D93FE007CC32B /* LSExtensionKit */ = {
			isa = PBXGroup;
			children = (
				03399039195D93FE007CC32B /* LSExtensionKit.h */,
				0339903A195D93FE007CC32B /* NSDate */,
				0339903D195D93FE007CC32B /* NSDictionary */,
				03399040195D93FE007CC32B /* NSFileManager */,
				03399043195D93FE007CC32B /* NSString */,
				03399046195D93FE007CC32B /* Public */,
				03399049195D93FE007CC32B /* UIAlertView */,
				0339904C195D93FE007CC32B /* UIButton */,
				0339904F195D93FE007CC32B /* UIColor */,
				03399052195D93FE007CC32B /* UIImage */,
				03399055195D93FE007CC32B /* UIView */,
			);
			path = LSExtensionKit;
			sourceTree = "<group>";
		};
		0339903A195D93FE007CC32B /* NSDate */ = {
			isa = PBXGroup;
			children = (
				0339903B195D93FE007CC32B /* NSDate+Extension.h */,
				0339903C195D93FE007CC32B /* NSDate+Extension.m */,
			);
			path = NSDate;
			sourceTree = "<group>";
		};
		0339903D195D93FE007CC32B /* NSDictionary */ = {
			isa = PBXGroup;
			children = (
				0339903E195D93FE007CC32B /* NSDictionary+Extension.h */,
				0339903F195D93FE007CC32B /* NSDictionary+Extension.m */,
			);
			path = NSDictionary;
			sourceTree = "<group>";
		};
		03399040195D93FE007CC32B /* NSFileManager */ = {
			isa = PBXGroup;
			children = (
				03399041195D93FE007CC32B /* NSFileManager+Extension.h */,
				03399042195D93FE007CC32B /* NSFileManager+Extension.m */,
			);
			path = NSFileManager;
			sourceTree = "<group>";
		};
		03399043195D93FE007CC32B /* NSString */ = {
			isa = PBXGroup;
			children = (
				03399044195D93FE007CC32B /* NSString+Extension.h */,
				03399045195D93FE007CC32B /* NSString+Extension.m */,
			);
			path = NSString;
			sourceTree = "<group>";
		};
		03399046195D93FE007CC32B /* Public */ = {
			isa = PBXGroup;
			children = (
				03399047195D93FE007CC32B /* PublicDefines.h */,
				03399048195D93FE007CC32B /* PublicDefines.m */,
			);
			path = Public;
			sourceTree = "<group>";
		};
		03399049195D93FE007CC32B /* UIAlertView */ = {
			isa = PBXGroup;
			children = (
				0339904A195D93FE007CC32B /* UIAlertView+Extension.h */,
				0339904B195D93FE007CC32B /* UIAlertView+Extension.m */,
			);
			path = UIAlertView;
			sourceTree = "<group>";
		};
		0339904C195D93FE007CC32B /* UIButton */ = {
			isa = PBXGroup;
			children = (
				0339904D195D93FE007CC32B /* UIButton+Extension.h */,
				0339904E195D93FE007CC32B /* UIButton+Extension.m */,
			);
			path = UIButton;
			sourceTree = "<group>";
		};
		0339904F195D93FE007CC32B /* UIColor */ = {
			isa = PBXGroup;
			children = (
				03399050195D93FE007CC32B /* UIColor+Extension.h */,
				03399051195D93FE007CC32B /* UIColor+Extension.m */,
			);
			path = UIColor;
			sourceTree = "<group>";
		};
		03399052195D93FE007CC32B /* UIImage */ = {
			isa = PBXGroup;
			children = (
				03399053195D93FE007CC32B /* UIImage+Extension.h */,
				03399054195D93FE007CC32B /* UIImage+Extension.m */,
			);
			path = UIImage;
			sourceTree = "<group>";
		};
		03399055195D93FE007CC32B /* UIView */ = {
			isa = PBXGroup;
			children = (
				03399056195D93FE007CC32B /* UIView+Extension.h */,
				03399057195D93FE007CC32B /* UIView+Extension.m */,
			);
			path = UIView;
			sourceTree = "<group>";
		};
		037C9626190CBF1A003FAAAB = {
			isa = PBXGroup;
			children = (
				037C9634190CBF1A003FAAAB /* LSExtensionKit */,
				037C9631190CBF1A003FAAAB /* Frameworks */,
				037C9630190CBF1A003FAAAB /* Products */,
			);
			sourceTree = "<group>";
		};
		037C9630190CBF1A003FAAAB /* Products */ = {
			isa = PBXGroup;
			children = (
				037C962F190CBF1A003FAAAB /* libLSExtensionKit.a */,
			);
			name = Products;
			sourceTree = "<group>";
		};
		037C9631190CBF1A003FAAAB /* Frameworks */ = {
			isa = PBXGroup;
			children = (
				037C9658190CBF2F003FAAAB /* UIKit.framework */,
				037C9632190CBF1A003FAAAB /* Foundation.framework */,
				037C9643190CBF1A003FAAAB /* UIKit.framework */,
			);
			name = Frameworks;
			sourceTree = "<group>";
		};
		037C9634190CBF1A003FAAAB /* LSExtensionKit */ = {
			isa = PBXGroup;
			children = (
				03399038195D93FE007CC32B /* LSExtensionKit */,
				037C9635190CBF1A003FAAAB /* Supporting Files */,
			);
			path = LSExtensionKit;
			sourceTree = "<group>";
		};
		037C9635190CBF1A003FAAAB /* Supporting Files */ = {
			isa = PBXGroup;
			children = (
				037C9636190CBF1A003FAAAB /* LSExtensionKit-Prefix.pch */,
			);
			name = "Supporting Files";
			sourceTree = "<group>";
		};
/* End PBXGroup section */

/* Begin PBXNativeTarget section */
		037C962E190CBF1A003FAAAB /* LSExtensionKit */ = {
			isa = PBXNativeTarget;
			buildConfigurationList = 037C9652190CBF1A003FAAAB /* Build configuration list for PBXNativeTarget "LSExtensionKit" */;
			buildPhases = (
				037C962B190CBF1A003FAAAB /* Sources */,
				037C962C190CBF1A003FAAAB /* Frameworks */,
				037C962D190CBF1A003FAAAB /* CopyFiles */,
			);
			buildRules = (
			);
			dependencies = (
			);
			name = LSExtensionKit;
			productName = LSExtensionKit;
			productReference = 037C962F190CBF1A003FAAAB /* libLSExtensionKit.a */;
			productType = "com.apple.product-type.library.static";
		};
/* End PBXNativeTarget section */

/* Begin PBXProject section */
		037C9627190CBF1A003FAAAB /* Project object */ = {
			isa = PBXProject;
			attributes = {
				LastUpgradeCheck = 0510;
				ORGANIZATIONNAME = History;
			};
			buildConfigurationList = 037C962A190CBF1A003FAAAB /* Build configuration list for PBXProject "LSExtensionKit" */;
			compatibilityVersion = "Xcode 3.2";
			developmentRegion = English;
			hasScannedForEncodings = 0;
			knownRegions = (
				en,
			);
			mainGroup = 037C9626190CBF1A003FAAAB;
			productRefGroup = 037C9630190CBF1A003FAAAB /* Products */;
			projectDirPath = "";
			projectRoot = "";
			targets = (
				037C962E190CBF1A003FAAAB /* LSExtensionKit */,
			);
		};
/* End PBXProject section */

/* Begin PBXSourcesBuildPhase section */
		037C962B190CBF1A003FAAAB /* Sources */ = {
			isa = PBXSourcesBuildPhase;
			buildActionMask = 2147483647;
			files = (
			);
			runOnlyForDeploymentPostprocessing = 0;
		};
/* End PBXSourcesBuildPhase section */

/* Begin XCBuildConfiguration section */
		037C9650190CBF1A003FAAAB /* Debug */ = {
			isa = XCBuildConfiguration;
			buildSettings = {
				ALWAYS_SEARCH_USER_PATHS = NO;
				CLANG_CXX_LANGUAGE_STANDARD = "gnu++0x";
				CLANG_CXX_LIBRARY = "libc++";
				CLANG_ENABLE_MODULES = YES;
				CLANG_ENABLE_OBJC_ARC = YES;
				CLANG_WARN_BOOL_CONVERSION = YES;
				CLANG_WARN_CONSTANT_CONVERSION = YES;
				CLANG_WARN_DIRECT_OBJC_ISA_USAGE = YES_ERROR;
				CLANG_WARN_EMPTY_BODY = YES;
				CLANG_WARN_ENUM_CONVERSION = YES;
				CLANG_WARN_INT_CONVERSION = YES;
				CLANG_WARN_OBJC_ROOT_CLASS = YES_ERROR;
				CLANG_WARN__DUPLICATE_METHOD_MATCH = YES;
				COPY_PHASE_STRIP = NO;
				GCC_C_LANGUAGE_STANDARD = gnu99;
				GCC_DYNAMIC_NO_PIC = NO;
				GCC_OPTIMIZATION_LEVEL = 0;
				GCC_PREPROCESSOR_DEFINITIONS = (
					"DEBUG=1",
					"$(inherited)",
				);
				GCC_SYMBOLS_PRIVATE_EXTERN = NO;
				GCC_WARN_64_TO_32_BIT_CONVERSION = YES;
				GCC_WARN_ABOUT_RETURN_TYPE = YES_ERROR;
				GCC_WARN_UNDECLARED_SELECTOR = YES;
				GCC_WARN_UNINITIALIZED_AUTOS = YES_AGGRESSIVE;
				GCC_WARN_UNUSED_FUNCTION = YES;
				GCC_WARN_UNUSED_VARIABLE = YES;
				IPHONEOS_DEPLOYMENT_TARGET = 7.1;
				ONLY_ACTIVE_ARCH = YES;
				SDKROOT = iphoneos;
			};
			name = Debug;
		};
		037C9651190CBF1A003FAAAB /* Release */ = {
			isa = XCBuildConfiguration;
			buildSettings = {
				ALWAYS_SEARCH_USER_PATHS = NO;
				CLANG_CXX_LANGUAGE_STANDARD = "gnu++0x";
				CLANG_CXX_LIBRARY = "libc++";
				CLANG_ENABLE_MODULES = YES;
				CLANG_ENABLE_OBJC_ARC = YES;
				CLANG_WARN_BOOL_CONVERSION = YES;
				CLANG_WARN_CONSTANT_CONVERSION = YES;
				CLANG_WARN_DIRECT_OBJC_ISA_USAGE = YES_ERROR;
				CLANG_WARN_EMPTY_BODY = YES;
				CLANG_WARN_ENUM_CONVERSION = YES;
				CLANG_WARN_INT_CONVERSION = YES;
				CLANG_WARN_OBJC_ROOT_CLASS = YES_ERROR;
				CLANG_WARN__DUPLICATE_METHOD_MATCH = YES;
				COPY_PHASE_STRIP = YES;
				ENABLE_NS_ASSERTIONS = NO;
				GCC_C_LANGUAGE_STANDARD = gnu99;
				GCC_WARN_64_TO_32_BIT_CONVERSION = YES;
				GCC_WARN_ABOUT_RETURN_TYPE = YES_ERROR;
				GCC_WARN_UNDECLARED_SELECTOR = YES;
				GCC_WARN_UNINITIALIZED_AUTOS = YES_AGGRESSIVE;
				GCC_WARN_UNUSED_FUNCTION = YES;
				GCC_WARN_UNUSED_VARIABLE = YES;
				IPHONEOS_DEPLOYMENT_TARGET = 7.1;
				SDKROOT = iphoneos;
				VALIDATE_PRODUCT = YES;
			};
			name = Release;
		};
		037C9653190CBF1A003FAAAB /* Debug */ = {
			isa = XCBuildConfiguration;
			buildSettings = {
				DSTROOT = /tmp/LSExtensionKit.dst;
				GCC_PRECOMPILE_PREFIX_HEADER = YES;
				GCC_PREFIX_HEADER = "LSExtensionKit/LSExtensionKit-Prefix.pch";
				OTHER_LDFLAGS = "-ObjC";
				PRODUCT_NAME = "$(TARGET_NAME)";
				SKIP_INSTALL = YES;
			};
			name = Debug;
		};
		037C9654190CBF1A003FAAAB /* Release */ = {
			isa = XCBuildConfiguration;
			buildSettings = {
				DSTROOT = /tmp/LSExtensionKit.dst;
				GCC_PRECOMPILE_PREFIX_HEADER = YES;
				GCC_PREFIX_HEADER = "LSExtensionKit/LSExtensionKit-Prefix.pch";
				OTHER_LDFLAGS = "-ObjC";
				PRODUCT_NAME = "$(TARGET_NAME)";
				SKIP_INSTALL = YES;
			};
			name = Release;
		};
/* End XCBuildConfiguration section */

/* Begin XCConfigurationList section */
		037C962A190CBF1A003FAAAB /* Build configuration list for PBXProject "LSExtensionKit" */ = {
			isa = XCConfigurationList;
			buildConfigurations = (
				037C9650190CBF1A003FAAAB /* Debug */,
				037C9651190CBF1A003FAAAB /* Release */,
			);
			defaultConfigurationIsVisible = 0;
			defaultConfigurationName = Release;
		};
		037C9652190CBF1A003FAAAB /* Build configuration list for PBXNativeTarget "LSExtensionKit" */ = {
			isa = XCConfigurationList;
			buildConfigurations = (
				037C9653190CBF1A003FAAAB /* Debug */,
				037C9654190CBF1A003FAAAB /* Release */,
			);
			defaultConfigurationIsVisible = 0;
			defaultConfigurationName = Release;
		};
/* End XCConfigurationList section */
	};
	rootObject = 037C9627190CBF1A003FAAAB /* Project object */;
}
