// !$*UTF8*$!
{
	archiveVersion = 1;
	classes = {
	};
	objectVersion = 46;
	objects = {

/* Begin PBXBuildFile section */
		035C67D1197CF82600BC7FDA /* Foundation.framework in Frameworks */ = {isa = PBXBuildFile; fileRef = 035C67D0197CF82600BC7FDA /* Foundation.framework */; };
		035C6841197D116100BC7FDA /* NSDate+Extension.m in Sources */ = {isa = PBXBuildFile; fileRef = 035C6824197D116100BC7FDA /* NSDate+Extension.m */; };
		035C6843197D116100BC7FDA /* NSDictionary+Extension.m in Sources */ = {isa = PBXBuildFile; fileRef = 035C6827197D116100BC7FDA /* NSDictionary+Extension.m */; };
		035C6845197D116100BC7FDA /* NSFileManager+Extension.m in Sources */ = {isa = PBXBuildFile; fileRef = 035C682A197D116100BC7FDA /* NSFileManager+Extension.m */; };
		035C6847197D116100BC7FDA /* NSString+Extension.m in Sources */ = {isa = PBXBuildFile; fileRef = 035C682D197D116100BC7FDA /* NSString+Extension.m */; };
		035C6849197D116100BC7FDA /* PublicDefines.m in Sources */ = {isa = PBXBuildFile; fileRef = 035C6830197D116100BC7FDA /* PublicDefines.m */; };
		035C684B197D116100BC7FDA /* UIAlertView+Extension.m in Sources */ = {isa = PBXBuildFile; fileRef = 035C6833197D116100BC7FDA /* UIAlertView+Extension.m */; };
		035C684D197D116100BC7FDA /* UIButton+Extension.m in Sources */ = {isa = PBXBuildFile; fileRef = 035C6836197D116100BC7FDA /* UIButton+Extension.m */; };
		035C684F197D116100BC7FDA /* UIColor+Extension.m in Sources */ = {isa = PBXBuildFile; fileRef = 035C6839197D116100BC7FDA /* UIColor+Extension.m */; };
		035C6851197D116100BC7FDA /* UIImage+Extension.m in Sources */ = {isa = PBXBuildFile; fileRef = 035C683C197D116100BC7FDA /* UIImage+Extension.m */; };
		035C6853197D116100BC7FDA /* UIView+Extension.m in Sources */ = {isa = PBXBuildFile; fileRef = 035C683F197D116100BC7FDA /* UIView+Extension.m */; };
/* End PBXBuildFile section */

/* Begin PBXCopyFilesBuildPhase section */
		035C67CB197CF82600BC7FDA /* CopyFiles */ = {
			isa = PBXCopyFilesBuildPhase;
			buildActionMask = 2147483647;
			dstPath = "include/$(PRODUCT_NAME)";
			dstSubfolderSpec = 16;
			files = (
			);
			runOnlyForDeploymentPostprocessing = 0;
		};
/* End PBXCopyFilesBuildPhase section */

/* Begin PBXFileReference section */
		035C67CD197CF82600BC7FDA /* libHZExtensionKit.a */ = {isa = PBXFileReference; explicitFileType = archive.ar; includeInIndex = 0; path = libHZExtensionKit.a; sourceTree = BUILT_PRODUCTS_DIR; };
		035C67D0197CF82600BC7FDA /* Foundation.framework */ = {isa = PBXFileReference; lastKnownFileType = wrapper.framework; name = Foundation.framework; path = System/Library/Frameworks/Foundation.framework; sourceTree = SDKROOT; };
		035C67DE197CF82600BC7FDA /* XCTest.framework */ = {isa = PBXFileReference; lastKnownFileType = wrapper.framework; name = XCTest.framework; path = Library/Frameworks/XCTest.framework; sourceTree = DEVELOPER_DIR; };
		035C67E1197CF82600BC7FDA /* UIKit.framework */ = {isa = PBXFileReference; lastKnownFileType = wrapper.framework; name = UIKit.framework; path = Library/Frameworks/UIKit.framework; sourceTree = DEVELOPER_DIR; };
		035C6821197D116100BC7FDA /* HZExtensionKit.h */ = {isa = PBXFileReference; fileEncoding = 4; lastKnownFileType = sourcecode.c.h; path = HZExtensionKit.h; sourceTree = "<group>"; };
		035C6823197D116100BC7FDA /* NSDate+Extension.h */ = {isa = PBXFileReference; fileEncoding = 4; lastKnownFileType = sourcecode.c.h; path = "NSDate+Extension.h"; sourceTree = "<group>"; };
		035C6824197D116100BC7FDA /* NSDate+Extension.m */ = {isa = PBXFileReference; fileEncoding = 4; lastKnownFileType = sourcecode.c.objc; path = "NSDate+Extension.m"; sourceTree = "<group>"; };
		035C6826197D116100BC7FDA /* NSDictionary+Extension.h */ = {isa = PBXFileReference; fileEncoding = 4; lastKnownFileType = sourcecode.c.h; path = "NSDictionary+Extension.h"; sourceTree = "<group>"; };
		035C6827197D116100BC7FDA /* NSDictionary+Extension.m */ = {isa = PBXFileReference; fileEncoding = 4; lastKnownFileType = sourcecode.c.objc; path = "NSDictionary+Extension.m"; sourceTree = "<group>"; };
		035C6829197D116100BC7FDA /* NSFileManager+Extension.h */ = {isa = PBXFileReference; fileEncoding = 4; lastKnownFileType = sourcecode.c.h; path = "NSFileManager+Extension.h"; sourceTree = "<group>"; };
		035C682A197D116100BC7FDA /* NSFileManager+Extension.m */ = {isa = PBXFileReference; fileEncoding = 4; lastKnownFileType = sourcecode.c.objc; path = "NSFileManager+Extension.m"; sourceTree = "<group>"; };
		035C682C197D116100BC7FDA /* NSString+Extension.h */ = {isa = PBXFileReference; fileEncoding = 4; lastKnownFileType = sourcecode.c.h; path = "NSString+Extension.h"; sourceTree = "<group>"; };
		035C682D197D116100BC7FDA /* NSString+Extension.m */ = {isa = PBXFileReference; fileEncoding = 4; lastKnownFileType = sourcecode.c.objc; path = "NSString+Extension.m"; sourceTree = "<group>"; };
		035C682F197D116100BC7FDA /* PublicDefines.h */ = {isa = PBXFileReference; fileEncoding = 4; lastKnownFileType = sourcecode.c.h; path = PublicDefines.h; sourceTree = "<group>"; };
		035C6830197D116100BC7FDA /* PublicDefines.m */ = {isa = PBXFileReference; fileEncoding = 4; lastKnownFileType = sourcecode.c.objc; path = PublicDefines.m; sourceTree = "<group>"; };
		035C6832197D116100BC7FDA /* UIAlertView+Extension.h */ = {isa = PBXFileReference; fileEncoding = 4; lastKnownFileType = sourcecode.c.h; path = "UIAlertView+Extension.h"; sourceTree = "<group>"; };
		035C6833197D116100BC7FDA /* UIAlertView+Extension.m */ = {isa = PBXFileReference; fileEncoding = 4; lastKnownFileType = sourcecode.c.objc; path = "UIAlertView+Extension.m"; sourceTree = "<group>"; };
		035C6835197D116100BC7FDA /* UIButton+Extension.h */ = {isa = PBXFileReference; fileEncoding = 4; lastKnownFileType = sourcecode.c.h; path = "UIButton+Extension.h"; sourceTree = "<group>"; };
		035C6836197D116100BC7FDA /* UIButton+Extension.m */ = {isa = PBXFileReference; fileEncoding = 4; lastKnownFileType = sourcecode.c.objc; path = "UIButton+Extension.m"; sourceTree = "<group>"; };
		035C6838197D116100BC7FDA /* UIColor+Extension.h */ = {isa = PBXFileReference; fileEncoding = 4; lastKnownFileType = sourcecode.c.h; path = "UIColor+Extension.h"; sourceTree = "<group>"; };
		035C6839197D116100BC7FDA /* UIColor+Extension.m */ = {isa = PBXFileReference; fileEncoding = 4; lastKnownFileType = sourcecode.c.objc; path = "UIColor+Extension.m"; sourceTree = "<group>"; };
		035C683B197D116100BC7FDA /* UIImage+Extension.h */ = {isa = PBXFileReference; fileEncoding = 4; lastKnownFileType = sourcecode.c.h; path = "UIImage+Extension.h"; sourceTree = "<group>"; };
		035C683C197D116100BC7FDA /* UIImage+Extension.m */ = {isa = PBXFileReference; fileEncoding = 4; lastKnownFileType = sourcecode.c.objc; path = "UIImage+Extension.m"; sourceTree = "<group>"; };
		035C683E197D116100BC7FDA /* UIView+Extension.h */ = {isa = PBXFileReference; fileEncoding = 4; lastKnownFileType = sourcecode.c.h; path = "UIView+Extension.h"; sourceTree = "<group>"; };
		035C683F197D116100BC7FDA /* UIView+Extension.m */ = {isa = PBXFileReference; fileEncoding = 4; lastKnownFileType = sourcecode.c.objc; path = "UIView+Extension.m"; sourceTree = "<group>"; };
		035C6840197D116100BC7FDA /* HZExtensionKit-Prefix.pch */ = {isa = PBXFileReference; fileEncoding = 4; lastKnownFileType = sourcecode.c.h; path = "HZExtensionKit-Prefix.pch"; sourceTree = SOURCE_ROOT; };
/* End PBXFileReference section */

/* Begin PBXFrameworksBuildPhase section */
		035C67CA197CF82600BC7FDA /* Frameworks */ = {
			isa = PBXFrameworksBuildPhase;
			buildActionMask = 2147483647;
			files = (
				035C67D1197CF82600BC7FDA /* Foundation.framework in Frameworks */,
			);
			runOnlyForDeploymentPostprocessing = 0;
		};
/* End PBXFrameworksBuildPhase section */

/* Begin PBXGroup section */
		035C67C4197CF82600BC7FDA = {
			isa = PBXGroup;
			children = (
				035C67D2197CF82600BC7FDA /* HZExtensionKit */,
				035C67CF197CF82600BC7FDA /* Frameworks */,
				035C67CE197CF82600BC7FDA /* Products */,
			);
			sourceTree = "<group>";
		};
		035C67CE197CF82600BC7FDA /* Products */ = {
			isa = PBXGroup;
			children = (
				035C67CD197CF82600BC7FDA /* libHZExtensionKit.a */,
			);
			name = Products;
			sourceTree = "<group>";
		};
		035C67CF197CF82600BC7FDA /* Frameworks */ = {
			isa = PBXGroup;
			children = (
				035C67D0197CF82600BC7FDA /* Foundation.framework */,
				035C67DE197CF82600BC7FDA /* XCTest.framework */,
				035C67E1197CF82600BC7FDA /* UIKit.framework */,
			);
			name = Frameworks;
			sourceTree = "<group>";
		};
		035C67D2197CF82600BC7FDA /* HZExtensionKit */ = {
			isa = PBXGroup;
			children = (
				035C6820197D116100BC7FDA /* HZExtensionKit */,
				035C6840197D116100BC7FDA /* HZExtensionKit-Prefix.pch */,
			);
			path = HZExtensionKit;
			sourceTree = "<group>";
		};
		035C6820197D116100BC7FDA /* HZExtensionKit */ = {
			isa = PBXGroup;
			children = (
				035C6821197D116100BC7FDA /* HZExtensionKit.h */,
				035C6822197D116100BC7FDA /* NSDate */,
				035C6825197D116100BC7FDA /* NSDictionary */,
				035C6828197D116100BC7FDA /* NSFileManager */,
				035C682B197D116100BC7FDA /* NSString */,
				035C682E197D116100BC7FDA /* Public */,
				035C6831197D116100BC7FDA /* UIAlertView */,
				035C6834197D116100BC7FDA /* UIButton */,
				035C6837197D116100BC7FDA /* UIColor */,
				035C683A197D116100BC7FDA /* UIImage */,
				035C683D197D116100BC7FDA /* UIView */,
			);
			name = HZExtensionKit;
			sourceTree = "<group>";
		};
		035C6822197D116100BC7FDA /* NSDate */ = {
			isa = PBXGroup;
			children = (
				035C6823197D116100BC7FDA /* NSDate+Extension.h */,
				035C6824197D116100BC7FDA /* NSDate+Extension.m */,
			);
			path = NSDate;
			sourceTree = "<group>";
		};
		035C6825197D116100BC7FDA /* NSDictionary */ = {
			isa = PBXGroup;
			children = (
				035C6826197D116100BC7FDA /* NSDictionary+Extension.h */,
				035C6827197D116100BC7FDA /* NSDictionary+Extension.m */,
			);
			path = NSDictionary;
			sourceTree = "<group>";
		};
		035C6828197D116100BC7FDA /* NSFileManager */ = {
			isa = PBXGroup;
			children = (
				035C6829197D116100BC7FDA /* NSFileManager+Extension.h */,
				035C682A197D116100BC7FDA /* NSFileManager+Extension.m */,
			);
			path = NSFileManager;
			sourceTree = "<group>";
		};
		035C682B197D116100BC7FDA /* NSString */ = {
			isa = PBXGroup;
			children = (
				035C682C197D116100BC7FDA /* NSString+Extension.h */,
				035C682D197D116100BC7FDA /* NSString+Extension.m */,
			);
			path = NSString;
			sourceTree = "<group>";
		};
		035C682E197D116100BC7FDA /* Public */ = {
			isa = PBXGroup;
			children = (
				035C682F197D116100BC7FDA /* PublicDefines.h */,
				035C6830197D116100BC7FDA /* PublicDefines.m */,
			);
			path = Public;
			sourceTree = "<group>";
		};
		035C6831197D116100BC7FDA /* UIAlertView */ = {
			isa = PBXGroup;
			children = (
				035C6832197D116100BC7FDA /* UIAlertView+Extension.h */,
				035C6833197D116100BC7FDA /* UIAlertView+Extension.m */,
			);
			path = UIAlertView;
			sourceTree = "<group>";
		};
		035C6834197D116100BC7FDA /* UIButton */ = {
			isa = PBXGroup;
			children = (
				035C6835197D116100BC7FDA /* UIButton+Extension.h */,
				035C6836197D116100BC7FDA /* UIButton+Extension.m */,
			);
			path = UIButton;
			sourceTree = "<group>";
		};
		035C6837197D116100BC7FDA /* UIColor */ = {
			isa = PBXGroup;
			children = (
				035C6838197D116100BC7FDA /* UIColor+Extension.h */,
				035C6839197D116100BC7FDA /* UIColor+Extension.m */,
			);
			path = UIColor;
			sourceTree = "<group>";
		};
		035C683A197D116100BC7FDA /* UIImage */ = {
			isa = PBXGroup;
			children = (
				035C683B197D116100BC7FDA /* UIImage+Extension.h */,
				035C683C197D116100BC7FDA /* UIImage+Extension.m */,
			);
			path = UIImage;
			sourceTree = "<group>";
		};
		035C683D197D116100BC7FDA /* UIView */ = {
			isa = PBXGroup;
			children = (
				035C683E197D116100BC7FDA /* UIView+Extension.h */,
				035C683F197D116100BC7FDA /* UIView+Extension.m */,
			);
			path = UIView;
			sourceTree = "<group>";
		};
/* End PBXGroup section */

/* Begin PBXNativeTarget section */
		035C67CC197CF82600BC7FDA /* HZExtensionKit */ = {
			isa = PBXNativeTarget;
			buildConfigurationList = 035C67F0197CF82600BC7FDA /* Build configuration list for PBXNativeTarget "HZExtensionKit" */;
			buildPhases = (
				035C67C9197CF82600BC7FDA /* Sources */,
				035C67CA197CF82600BC7FDA /* Frameworks */,
				035C67CB197CF82600BC7FDA /* CopyFiles */,
			);
			buildRules = (
			);
			dependencies = (
			);
			name = HZExtensionKit;
			productName = HZExtensionKit;
			productReference = 035C67CD197CF82600BC7FDA /* libHZExtensionKit.a */;
			productType = "com.apple.product-type.library.static";
		};
/* End PBXNativeTarget section */

/* Begin PBXProject section */
		035C67C5197CF82600BC7FDA /* Project object */ = {
			isa = PBXProject;
			attributes = {
				LastUpgradeCheck = 0510;
				ORGANIZATIONNAME = History;
			};
			buildConfigurationList = 035C67C8197CF82600BC7FDA /* Build configuration list for PBXProject "HZExtensionKit" */;
			compatibilityVersion = "Xcode 3.2";
			developmentRegion = English;
			hasScannedForEncodings = 0;
			knownRegions = (
				en,
			);
			mainGroup = 035C67C4197CF82600BC7FDA;
			productRefGroup = 035C67CE197CF82600BC7FDA /* Products */;
			projectDirPath = "";
			projectRoot = "";
			targets = (
				035C67CC197CF82600BC7FDA /* HZExtensionKit */,
			);
		};
/* End PBXProject section */

/* Begin PBXSourcesBuildPhase section */
		035C67C9197CF82600BC7FDA /* Sources */ = {
			isa = PBXSourcesBuildPhase;
			buildActionMask = 2147483647;
			files = (
				035C6853197D116100BC7FDA /* UIView+Extension.m in Sources */,
				035C6843197D116100BC7FDA /* NSDictionary+Extension.m in Sources */,
				035C684B197D116100BC7FDA /* UIAlertView+Extension.m in Sources */,
				035C684D197D116100BC7FDA /* UIButton+Extension.m in Sources */,
				035C684F197D116100BC7FDA /* UIColor+Extension.m in Sources */,
				035C6845197D116100BC7FDA /* NSFileManager+Extension.m in Sources */,
				035C6849197D116100BC7FDA /* PublicDefines.m in Sources */,
				035C6851197D116100BC7FDA /* UIImage+Extension.m in Sources */,
				035C6841197D116100BC7FDA /* NSDate+Extension.m in Sources */,
				035C6847197D116100BC7FDA /* NSString+Extension.m in Sources */,
			);
			runOnlyForDeploymentPostprocessing = 0;
		};
/* End PBXSourcesBuildPhase section */

/* Begin XCBuildConfiguration section */
		035C67EE197CF82600BC7FDA /* Debug */ = {
			isa = XCBuildConfiguration;
			buildSettings = {
				ALWAYS_SEARCH_USER_PATHS = NO;
				CLANG_CXX_LANGUAGE_STANDARD = "gnu++0x";
				CLANG_CXX_LIBRARY = "libc++";
				CLANG_ENABLE_MODULES = YES;
				CLANG_ENABLE_OBJC_ARC = YES;
				CLANG_WARN_BOOL_CONVERSION = YES;
				CLANG_WARN_CONSTANT_CONVERSION = YES;
				CLANG_WARN_DIRECT_OBJC_ISA_USAGE = YES_ERROR;
				CLANG_WARN_EMPTY_BODY = YES;
				CLANG_WARN_ENUM_CONVERSION = YES;
				CLANG_WARN_INT_CONVERSION = YES;
				CLANG_WARN_OBJC_ROOT_CLASS = YES_ERROR;
				CLANG_WARN__DUPLICATE_METHOD_MATCH = YES;
				COPY_PHASE_STRIP = NO;
				GCC_C_LANGUAGE_STANDARD = gnu99;
				GCC_DYNAMIC_NO_PIC = NO;
				GCC_OPTIMIZATION_LEVEL = 0;
				GCC_PREPROCESSOR_DEFINITIONS = (
					"DEBUG=1",
					"$(inherited)",
				);
				GCC_SYMBOLS_PRIVATE_EXTERN = NO;
				GCC_WARN_64_TO_32_BIT_CONVERSION = YES;
				GCC_WARN_ABOUT_RETURN_TYPE = YES_ERROR;
				GCC_WARN_UNDECLARED_SELECTOR = YES;
				GCC_WARN_UNINITIALIZED_AUTOS = YES_AGGRESSIVE;
				GCC_WARN_UNUSED_FUNCTION = YES;
				GCC_WARN_UNUSED_VARIABLE = YES;
				IPHONEOS_DEPLOYMENT_TARGET = 7.1;
				ONLY_ACTIVE_ARCH = YES;
				SDKROOT = iphoneos;
			};
			name = Debug;
		};
		035C67EF197CF82600BC7FDA /* Release */ = {
			isa = XCBuildConfiguration;
			buildSettings = {
				ALWAYS_SEARCH_USER_PATHS = NO;
				CLANG_CXX_LANGUAGE_STANDARD = "gnu++0x";
				CLANG_CXX_LIBRARY = "libc++";
				CLANG_ENABLE_MODULES = YES;
				CLANG_ENABLE_OBJC_ARC = YES;
				CLANG_WARN_BOOL_CONVERSION = YES;
				CLANG_WARN_CONSTANT_CONVERSION = YES;
				CLANG_WARN_DIRECT_OBJC_ISA_USAGE = YES_ERROR;
				CLANG_WARN_EMPTY_BODY = YES;
				CLANG_WARN_ENUM_CONVERSION = YES;
				CLANG_WARN_INT_CONVERSION = YES;
				CLANG_WARN_OBJC_ROOT_CLASS = YES_ERROR;
				CLANG_WARN__DUPLICATE_METHOD_MATCH = YES;
				COPY_PHASE_STRIP = YES;
				ENABLE_NS_ASSERTIONS = NO;
				GCC_C_LANGUAGE_STANDARD = gnu99;
				GCC_WARN_64_TO_32_BIT_CONVERSION = YES;
				GCC_WARN_ABOUT_RETURN_TYPE = YES_ERROR;
				GCC_WARN_UNDECLARED_SELECTOR = YES;
				GCC_WARN_UNINITIALIZED_AUTOS = YES_AGGRESSIVE;
				GCC_WARN_UNUSED_FUNCTION = YES;
				GCC_WARN_UNUSED_VARIABLE = YES;
				IPHONEOS_DEPLOYMENT_TARGET = 7.1;
				SDKROOT = iphoneos;
				VALIDATE_PRODUCT = YES;
			};
			name = Release;
		};
		035C67F1197CF82600BC7FDA /* Debug */ = {
			isa = XCBuildConfiguration;
			buildSettings = {
				DSTROOT = /tmp/HZExtensionKit.dst;
				GCC_PRECOMPILE_PREFIX_HEADER = YES;
				GCC_PREFIX_HEADER = "HZExtensionKit-Prefix.pch";
				OTHER_LDFLAGS = "-ObjC";
				PRODUCT_NAME = "$(TARGET_NAME)";
				SKIP_INSTALL = YES;
			};
			name = Debug;
		};
		035C67F2197CF82600BC7FDA /* Release */ = {
			isa = XCBuildConfiguration;
			buildSettings = {
				DSTROOT = /tmp/HZExtensionKit.dst;
				GCC_PRECOMPILE_PREFIX_HEADER = YES;
				GCC_PREFIX_HEADER = "HZExtensionKit-Prefix.pch";
				OTHER_LDFLAGS = "-ObjC";
				PRODUCT_NAME = "$(TARGET_NAME)";
				SKIP_INSTALL = YES;
			};
			name = Release;
		};
/* End XCBuildConfiguration section */

/* Begin XCConfigurationList section */
		035C67C8197CF82600BC7FDA /* Build configuration list for PBXProject "HZExtensionKit" */ = {
			isa = XCConfigurationList;
			buildConfigurations = (
				035C67EE197CF82600BC7FDA /* Debug */,
				035C67EF197CF82600BC7FDA /* Release */,
			);
			defaultConfigurationIsVisible = 0;
			defaultConfigurationName = Release;
		};
		035C67F0197CF82600BC7FDA /* Build configuration list for PBXNativeTarget "HZExtensionKit" */ = {
			isa = XCConfigurationList;
			buildConfigurations = (
				035C67F1197CF82600BC7FDA /* Debug */,
				035C67F2197CF82600BC7FDA /* Release */,
			);
			defaultConfigurationIsVisible = 0;
			defaultConfigurationName = Release;
		};
/* End XCConfigurationList section */
	};
	rootObject = 035C67C5197CF82600BC7FDA /* Project object */;
}
